{
  "lockfile_version": "1",
  "packages": {
    "bison@3.8.2": {
      "last_modified": "2026-01-23T17:20:52Z",
      "resolved": "github:NixOS/nixpkgs/a1bab9e494f5f4939442a57a58d0449a109593fe#bison",
      "source": "devbox-search",
      "version": "3.8.2",
      "systems": {
        "aarch64-darwin": {
          "outputs": [
            {
              "name": "out",
              "path": "/nix/store/ypw49y736zzn1y4yqwjah2adlz5sjpip-bison-3.8.2",
              "default": true
            }
          ],
          "store_path": "/nix/store/ypw49y736zzn1y4yqwjah2adlz5sjpip-bison-3.8.2"
        },
        "aarch64-linux": {
          "outputs": [
            {
              "name": "out",
              "path": "/nix/store/fsc9hgbj71k6zwkggm72b8bys3nx204k-bison-3.8.2",
              "default": true
            }
          ],
          "store_path": "/nix/store/fsc9hgbj71k6zwkggm72b8bys3nx204k-bison-3.8.2"
        },
        "x86_64-darwin": {
          "outputs": [
            {
              "name": "out",
              "path": "/nix/store/gqjzs2a3bczmbqp9qpb7rf8414dangl7-bison-3.8.2",
              "default": true
            }
          ],
          "store_path": "/nix/store/gqjzs2a3bczmbqp9qpb7rf8414dangl7-bison-3.8.2"
        },
        "x86_64-linux": {
          "outputs": [
            {
              "name": "out",
              "path": "/nix/store/2f728vasd29dnc2ys09mn45058mkzvc2-bison-3.8.2",
              "default": true
            }
          ],
          "store_path": "/nix/store/2f728vasd29dnc2ys09mn45058mkzvc2-bison-3.8.2"
        }
      }
    },
    "flex@2.6.4": {
      "last_modified": "2026-01-23T17:20:52Z",
      "resolved": "github:NixOS/nixpkgs/a1bab9e494f5f4939442a57a58d0449a109593fe#flex",
      "source": "devbox-search",
      "version": "2.6.4",
      "systems": {
        "aarch64-darwin": {
          "outputs": [
            {
              "name": "out",
              "path": "/nix/store/r7wxqapmbwdfzflpmigfqc4wsk5l23wk-flex-2.6.4",
              "default": true
            }
          ],
          "store_path": "/nix/store/r7wxqapmbwdfzflpmigfqc4wsk5l23wk-flex-2.6.4"
        },
        "aarch64-linux": {
          "outputs": [
            {
              "name": "out",
              "path": "/nix/store/fsgiqjcjikrrgzdf1r059vqwp0sb5dds-flex-2.6.4",
              "default": true
            }
          ],
          "store_path": "/nix/store/fsgiqjcjikrrgzdf1r059vqwp0sb5dds-flex-2.6.4"
        },
        "x86_64-darwin": {
          "outputs": [
            {
              "name": "out",
              "path": "/nix/store/6jy7455r6bp45a6hwjyq5dhf9cq6hnj1-flex-2.6.4",
              "default": true
            }
          ],
          "store_path": "/nix/store/6jy7455r6bp45a6hwjyq5dhf9cq6hnj1-flex-2.6.4"
        },
        "x86_64-linux": {
          "outputs": [
            {
              "name": "out",
              "path": "/nix/store/8wh6imqacivhslwql0gqpx373xzz88k3-flex-2.6.4",
              "default": true
            }
          ],
          "store_path": "/nix/store/8wh6imqacivhslwql0gqpx373xzz88k3-flex-2.6.4"
        }
      }
    },
    "gcc@15.2.0": {
      "last_modified": "2026-01-23T17:20:52Z",
      "resolved": "github:NixOS/nixpkgs/a1bab9e494f5f4939442a57a58d0449a109593fe#gcc",
      "source": "devbox-search",
      "version": "15.2.0",
      "systems": {
        "aarch64-darwin": {
          "outputs": [
            {
              "name": "out",
              "path": "/nix/store/ma96zyr88min916scxhygvw7w99jrflz-gcc-wrapper-15.2.0",
              "default": true
            },
            {
              "name": "man",
              "path": "/nix/store/sbyrswi6n263imfw4n474k97qlkc9fp4-gcc-wrapper-15.2.0-man",
              "default": true
            },
            {
              "name": "info",
              "path": "/nix/store/4grmw25w5vddbzfzsf2fx2d3abs9axlv-gcc-wrapper-15.2.0-info"
            }
          ],
          "store_path": "/nix/store/ma96zyr88min916scxhygvw7w99jrflz-gcc-wrapper-15.2.0"
        },
        "aarch64-linux": {
          "outputs": [
            {
              "name": "out",
              "path": "/nix/store/2l6z5aiys7mpsacdm1ikiafijr30g2fg-gcc-wrapper-15.2.0",
              "default": true
            },
            {
              "name": "man",
              "path": "/nix/store/ww5vd3zhxa9dfkxdyyfd69pvq3nivfz1-gcc-wrapper-15.2.0-man",
              "default": true
            },
            {
              "name": "info",
              "path": "/nix/store/s6bajs6f0safjv6yfqawxw23dcbnc0c5-gcc-wrapper-15.2.0-info"
            }
          ],
          "store_path": "/nix/store/2l6z5aiys7mpsacdm1ikiafijr30g2fg-gcc-wrapper-15.2.0"
        },
        "x86_64-darwin": {
          "outputs": [
            {
              "name": "out",
              "path": "/nix/store/pia0yz6p1g201qsmn43lp69qzj89wp2d-gcc-wrapper-15.2.0",
              "default": true
            },
            {
              "name": "man",
              "path": "/nix/store/jh1kv1kz9xl3s389cakcgv63mbwaz3ri-gcc-wrapper-15.2.0-man",
              "default": true
            },
            {
              "name": "info",
              "path": "/nix/store/0x2vvydxchpdb6jb7f6qx1ml2a2xp4bw-gcc-wrapper-15.2.0-info"
            }
          ],
          "store_path": "/nix/store/pia0yz6p1g201qsmn43lp69qzj89wp2d-gcc-wrapper-15.2.0"
        },
        "x86_64-linux": {
          "outputs": [
            {
              "name": "out",
              "path": "/nix/store/a245z3cvf9x9sn0xlk6k8j9xhxbhda1z-gcc-wrapper-15.2.0",
              "default": true
            },
            {
              "name": "man",
              "path": "/nix/store/578hg40df89239rl4921nb3gdfjnm82c-gcc-wrapper-15.2.0-man",
              "default": true
            },
            {
              "name": "info",
              "path": "/nix/store/m1x7c684wrcyic4jbijyadapnm7zj33q-gcc-wrapper-15.2.0-info"
            }
          ],
          "store_path": "/nix/store/a245z3cvf9x9sn0xlk6k8j9xhxbhda1z-gcc-wrapper-15.2.0"
        }
      }
    },
    "git": {
      "resolved": "github:NixOS/nixpkgs/3edc4a30ed3903fdf6f90c837f961fa6b49582d1?narHash=sha256-Ss%2FLHpJJsng8vz1Pe33RSGIWUOcqM1fjrehjUkdrWio%3D#git",
      "source": "nixpkg"
    },
    "github:NixOS/nixpkgs/nixpkgs-unstable": {
      "last_modified": "2025-12-27T12:56:01Z",
      "resolved": "github:NixOS/nixpkgs/3edc4a30ed3903fdf6f90c837f961fa6b49582d1?lastModified=1766840161&narHash=sha256-Ss%2FLHpJJsng8vz1Pe33RSGIWUOcqM1fjrehjUkdrWio%3D"
    },
    "meson@1.9.1": {
      "last_modified": "2026-01-23T17:20:52Z",
      "resolved": "github:NixOS/nixpkgs/a1bab9e494f5f4939442a57a58d0449a109593fe#meson",
      "source": "devbox-search",
      "version": "1.9.1",
      "systems": {
        "aarch64-darwin": {
          "outputs": [
            {
              "name": "out",
              "path": "/nix/store/g104mi0isvii7iw82xdb1h39f2nlfj4r-meson-1.9.1",
              "default": true
            },
            {
              "name": "dist",
              "path": "/nix/store/vf10k7yd8parag3g9hvlg1blc8zy7rad-meson-1.9.1-dist"
            }
          ],
          "store_path": "/nix/store/g104mi0isvii7iw82xdb1h39f2nlfj4r-meson-1.9.1"
        },
        "aarch64-linux": {
          "outputs": [
            {
              "name": "out",
              "path": "/nix/store/pm9n146v5b6i0046mfm4v0qi2la6hsfh-meson-1.9.1",
              "default": true
            },
            {
              "name": "dist",
              "path": "/nix/store/ri359vibm07cbpv16vf0m9vhlk2l15cy-meson-1.9.1-dist"
            }
          ],
          "store_path": "/nix/store/pm9n146v5b6i0046mfm4v0qi2la6hsfh-meson-1.9.1"
        },
        "x86_64-darwin": {
          "outputs": [
            {
              "name": "out",
              "path": "/nix/store/0ks34grnfhc9b6nayy3qc967xijlwq6s-meson-1.9.1",
              "default": true
            },
            {
              "name": "dist",
              "path": "/nix/store/mhklaankb23zwbqmp0jcbz1mzmnhk8jc-meson-1.9.1-dist"
            }
          ],
          "store_path": "/nix/store/0ks34grnfhc9b6nayy3qc967xijlwq6s-meson-1.9.1"
        },
        "x86_64-linux": {
          "outputs": [
            {
              "name": "out",
              "path": "/nix/store/k9dmwf87kz9s32h554j0gc88g4wn4bzs-meson-1.9.1",
              "default": true
            },
            {
              "name": "dist",
              "path": "/nix/store/gnv4srh85abxiyxk3dxlqyf3x9xzfr83-meson-1.9.1-dist"
            }
          ],
          "store_path": "/nix/store/k9dmwf87kz9s32h554j0gc88g4wn4bzs-meson-1.9.1"
        }
      }
    },
    "ninja@1.13.1": {
      "last_modified": "2025-11-23T21:50:36Z",
      "resolved": "github:NixOS/nixpkgs/ee09932cedcef15aaf476f9343d1dea2cb77e261#ninja",
      "source": "devbox-search",
      "version": "1.13.1",
      "systems": {
        "aarch64-darwin": {
          "outputs": [
            {
              "name": "out",
              "path": "/nix/store/6y79vrqachzns4pgl8r0j04b7g33hl52-ninja-1.13.1",
              "default": true
            }
          ],
          "store_path": "/nix/store/6y79vrqachzns4pgl8r0j04b7g33hl52-ninja-1.13.1"
        },
        "aarch64-linux": {
          "outputs": [
            {
              "name": "out",
              "path": "/nix/store/jpwn5zii6bzpvf9dm4dw7cdvwychpxwz-ninja-1.13.1",
              "default": true
            }
          ],
          "store_path": "/nix/store/jpwn5zii6bzpvf9dm4dw7cdvwychpxwz-ninja-1.13.1"
        },
        "x86_64-darwin": {
          "outputs": [
            {
              "name": "out",
              "path": "/nix/store/82kdfnd09s2npwlsnqzak29nf592czr6-ninja-1.13.1",
              "default": true
            }
          ],
          "store_path": "/nix/store/82kdfnd09s2npwlsnqzak29nf592czr6-ninja-1.13.1"
        },
        "x86_64-linux": {
          "outputs": [
            {
              "name": "out",
              "path": "/nix/store/nib1r4k4cqph7zjjnbfc1d6cbg11qr76-ninja-1.13.1",
              "default": true
            }
          ],
          "store_path": "/nix/store/nib1r4k4cqph7zjjnbfc1d6cbg11qr76-ninja-1.13.1"
        }
      }
    },
    "openssl@3.6.0": {
      "last_modified": "2025-12-05T06:24:47Z",
      "resolved": "github:NixOS/nixpkgs/42e29df35be6ef54091d3a3b4e97056ce0a98ce8#openssl",
      "source": "devbox-search",
      "version": "3.6.0",
      "systems": {
        "aarch64-darwin": {
          "outputs": [
            {
              "name": "bin",
              "path": "/nix/store/z9prisxci5h5lsk3rdknd4jzq7k9q13d-openssl-3.6.0-bin",
              "default": true
            },
            {
              "name": "man",
              "path": "/nix/store/ii9mnzr3i92mgk9dkgg65739mavd0j6f-openssl-3.6.0-man",
              "default": true
            },
            {
              "name": "dev",
              "path": "/nix/store/h0qgqik0mk0wn7rmm2kk3grfi1wzly74-openssl-3.6.0-dev"
            },
            {
              "name": "doc",
              "path": "/nix/store/yx3ip21fdaaxpjn5fbir02mqnaw9cm4f-openssl-3.6.0-doc"
            },
            {
              "name": "out",
              "path": "/nix/store/3z54dgks2mz3dhwddj158sdibll8xmq5-openssl-3.6.0"
            }
          ],
          "store_path": "/nix/store/z9prisxci5h5lsk3rdknd4jzq7k9q13d-openssl-3.6.0-bin"
        },
        "aarch64-linux": {
          "outputs": [
            {
              "name": "bin",
              "path": "/nix/store/wb6q44n9kcb5acmaa4rgqsajadx1fhhl-openssl-3.6.0-bin",
              "default": true
            },
            {
              "name": "man",
              "path": "/nix/store/c9n1alb7ypzjvzd47m16fiwfczz23qs3-openssl-3.6.0-man",
              "default": true
            },
            {
              "name": "debug",
              "path": "/nix/store/ci6d4k1sj4bnr892lsrqqmjiihqsk0bl-openssl-3.6.0-debug"
            },
            {
              "name": "dev",
              "path": "/nix/store/pq8b7fb3282g68pmk14mbyi20qn6chid-openssl-3.6.0-dev"
            },
            {
              "name": "doc",
              "path": "/nix/store/vaplp6w56dyz38986bgkf0pbg3r486b2-openssl-3.6.0-doc"
            },
            {
              "name": "out",
              "path": "/nix/store/nj50gkyx813dxvfmsg1q8m330hmf3h86-openssl-3.6.0"
            }
          ],
          "store_path": "/nix/store/wb6q44n9kcb5acmaa4rgqsajadx1fhhl-openssl-3.6.0-bin"
        },
        "x86_64-darwin": {
          "outputs": [
            {
              "name": "bin",
              "path": "/nix/store/m3xwn9n0jypwjgi256idfzs979g30j29-openssl-3.6.0-bin",
              "default": true
            },
            {
              "name": "man",
              "path": "/nix/store/hw43f3y1vl7ydrd4samnwnrwqqwkpisv-openssl-3.6.0-man",
              "default": true
            },
            {
              "name": "dev",
              "path": "/nix/store/dirjrfjk8jgsbdpslgb51cav6qaxn2vm-openssl-3.6.0-dev"
            },
            {
              "name": "doc",
              "path": "/nix/store/va1zhkz0nfmycvd0h239hi4w40qgaxcx-openssl-3.6.0-doc"
            },
            {
              "name": "out",
              "path": "/nix/store/q9a4wssx24xsy28w8kifdqizc01fh7sc-openssl-3.6.0"
            }
          ],
          "store_path": "/nix/store/m3xwn9n0jypwjgi256idfzs979g30j29-openssl-3.6.0-bin"
        },
        "x86_64-linux": {
          "outputs": [
            {
              "name": "bin",
              "path": "/nix/store/k0gl1zc7f5hk87lylxwbipb0b870bcmk-openssl-3.6.0-bin",
              "default": true
            },
            {
              "name": "man",
              "path": "/nix/store/a9jdl6xq9fc98ykpvqmc9kf0b0j9y8wh-openssl-3.6.0-man",
              "default": true
            },
            {
              "name": "debug",
              "path": "/nix/store/sqv8kbdgfxlr2d6nysr8c2715qpsi6f5-openssl-3.6.0-debug"
            },
            {
              "name": "dev",
              "path": "/nix/store/ydrckgnllgg8nmhdwni81h7xhcpnrlhd-openssl-3.6.0-dev"
            },
            {
              "name": "doc",
              "path": "/nix/store/cgp9ig35iwicfb9spcrgyg2m5dmlcgrv-openssl-3.6.0-doc"
            },
            {
              "name": "out",
              "path": "/nix/store/61i74yjkj9p1qphfl7018ja4sdwkipx0-openssl-3.6.0"
            }
          ],
          "store_path": "/nix/store/k0gl1zc7f5hk87lylxwbipb0b870bcmk-openssl-3.6.0-bin"
        }
      }
    },
    "perl5Packages.IPCRun@20231003.0": {
      "last_modified": "2026-04-23T13:07:47Z",
      "resolved": "github:NixOS/nixpkgs/01fbdeef22b76df85ea168fbfe1bfd9e63681b30#perl5Packages.IPCRun",
      "source": "devbox-search",
      "version": "20231003.0",
      "systems": {
        "aarch64-darwin": {
          "outputs": [
            {
              "name": "out",
              "path": "/nix/store/4qh7cfhq3casa8z3304yfvfj1zr1jlzc-perl5.42.0-IPC-Run-20231003.0",
              "default": true
            },
            {
              "name": "devdoc",
              "path": "/nix/store/5k9d3iwgjqz0y3k3svdbihxnfqbkgniw-perl5.42.0-IPC-Run-20231003.0-devdoc"
            }
          ],
          "store_path": "/nix/store/4qh7cfhq3casa8z3304yfvfj1zr1jlzc-perl5.42.0-IPC-Run-20231003.0"
        },
        "aarch64-linux": {
          "outputs": [
            {
              "name": "out",
              "path": "/nix/store/349gbl1q1p1c2z2jm37csx52p5s6j2f5-perl5.42.0-IPC-Run-20231003.0",
              "default": true
            },
            {
              "name": "devdoc",
              "path": "/nix/store/2wm57q73i9masdhs3q3qj66wsxki1ckr-perl5.42.0-IPC-Run-20231003.0-devdoc"
            }
          ],
          "store_path": "/nix/store/349gbl1q1p1c2z2jm37csx52p5s6j2f5-perl5.42.0-IPC-Run-20231003.0"
        },
        "x86_64-darwin": {
          "outputs": [
            {
              "name": "out",
              "path": "/nix/store/vmzwzhpxcrh6q0h6lmc0x459z9q80n7p-perl5.42.0-IPC-Run-20231003.0",
              "default": true
            },
            {
              "name": "devdoc",
              "path": "/nix/store/qs4qg4rhkiv30q0w3xplfh1hv4w1ic6n-perl5.42.0-IPC-Run-20231003.0-devdoc"
            }
          ],
          "store_path": "/nix/store/vmzwzhpxcrh6q0h6lmc0x459z9q80n7p-perl5.42.0-IPC-Run-20231003.0"
        },
        "x86_64-linux": {
          "outputs": [
            {
              "name": "out",
              "path": "/nix/store/whr49vc1p0340hyv5jq2dgbclf3pg9fb-perl5.42.0-IPC-Run-20231003.0",
              "default": true
            },
            {
              "name": "devdoc",
              "path": "/nix/store/i3c7x44mmqaq1ilsgim45xf6zp7q33q5-perl5.42.0-IPC-Run-20231003.0-devdoc"
            }
          ],
          "store_path": "/nix/store/whr49vc1p0340hyv5jq2dgbclf3pg9fb-perl5.42.0-IPC-Run-20231003.0"
        }
      }
    },
    "perl@5.42.0": {
      "last_modified": "2026-04-23T13:07:47Z",
      "resolved": "github:NixOS/nixpkgs/01fbdeef22b76df85ea168fbfe1bfd9e63681b30#perl",
      "source": "devbox-search",
      "version": "5.42.0",
      "systems": {
        "aarch64-darwin": {
          "outputs": [
            {
              "name": "out",
              "path": "/nix/store/a04sbmij2ba455slf378x7n2h3p8zn7d-perl-5.42.0",
              "default": true
            },
            {
              "name": "man",
              "path": "/nix/store/0rpdd9iviwbc6dwjszvx41d7iy1zc068-perl-5.42.0-man",
              "default": true
            },
            {
              "name": "devdoc",
              "path": "/nix/store/vgmw7c59xbxqlhaxz00d2swh5dvdfgkc-perl-5.42.0-devdoc"
            }
          ],
          "store_path": "/nix/store/a04sbmij2ba455slf378x7n2h3p8zn7d-perl-5.42.0"
        },
        "aarch64-linux": {
          "outputs": [
            {
              "name": "out",
              "path": "/nix/store/zs9mx7jdd39p88nq1zznyxpkmxyyybiz-perl-5.42.0",
              "default": true
            },
            {
              "name": "man",
              "path": "/nix/store/8h5xqsa4z28wnqkhi106ya79a7hdjarb-perl-5.42.0-man",
              "default": true
            },
            {
              "name": "devdoc",
              "path": "/nix/store/d3fxlnv12rhikrqbr4x7w5yi399jwxil-perl-5.42.0-devdoc"
            }
          ],
          "store_path": "/nix/store/zs9mx7jdd39p88nq1zznyxpkmxyyybiz-perl-5.42.0"
        },
        "x86_64-darwin": {
          "outputs": [
            {
              "name": "out",
              "path": "/nix/store/q80l1crfmqv83vpgd6w1bjdkpksfbc5y-perl-5.42.0",
              "default": true
            },
            {
              "name": "man",
              "path": "/nix/store/j4xd4z0k6fp2lgqmaks902hkhy7603fn-perl-5.42.0-man",
              "default": true
            },
            {
              "name": "devdoc",
              "path": "/nix/store/lwhrb98jv1vxfnji149pnx64i21ir4xk-perl-5.42.0-devdoc"
            }
          ],
          "store_path": "/nix/store/q80l1crfmqv83vpgd6w1bjdkpksfbc5y-perl-5.42.0"
        },
        "x86_64-linux": {
          "outputs": [
            {
              "name": "out",
              "path": "/nix/store/xc6nj52vhg4ndmyxw7c5q6iqm8jzrwdm-perl-5.42.0",
              "default": true
            },
            {
              "name": "man",
              "path": "/nix/store/i89z4bx0m7frbm1wsxcwx5bfx9d8x3jb-perl-5.42.0-man",
              "default": true
            },
            {
              "name": "devdoc",
              "path": "/nix/store/4bls3zzz8zxsw0rx1vmjbicnq1c0zsb4-perl-5.42.0-devdoc"
            }
          ],
          "store_path": "/nix/store/xc6nj52vhg4ndmyxw7c5q6iqm8jzrwdm-perl-5.42.0"
        }
      }
    },
    "pkgconfig@latest": {
      "last_modified": "2023-02-24T09:01:09Z",
      "resolved": "github:NixOS/nixpkgs/7d0ed7f2e5aea07ab22ccb338d27fbe347ed2f11#pkgconfig",
      "source": "devbox-search",
      "version": "0.29.2"
    },
    "readline@8.3p3": {
      "last_modified": "2026-01-23T17:20:52Z",
      "resolved": "github:NixOS/nixpkgs/a1bab9e494f5f4939442a57a58d0449a109593fe#readline",
      "source": "devbox-search",
      "version": "8.3p3",
      "systems": {
        "aarch64-darwin": {
          "outputs": [
            {
              "name": "out",
              "path": "/nix/store/xv6f1bajk99vi4p7r1pmxmxrrmbh59wp-readline-8.3p3",
              "default": true
            },
            {
              "name": "man",
              "path": "/nix/store/fjhlwbkfc7gr8nwryamr2bmqif3wf97b-readline-8.3p3-man",
              "default": true
            },
            {
              "name": "dev",
              "path": "/nix/store/yvpwmcc6rz43fljk8apcw6h2x0dyj719-readline-8.3p3-dev"
            },
            {
              "name": "doc",
              "path": "/nix/store/2cbl02hxgn6fnfz08579cxbp5xfr9l1q-readline-8.3p3-doc"
            },
            {
              "name": "info",
              "path": "/nix/store/5rpdb917pxdhhyysn0p1k4azhbyaw4a9-readline-8.3p3-info"
            }
          ],
          "store_path": "/nix/store/xv6f1bajk99vi4p7r1pmxmxrrmbh59wp-readline-8.3p3"
        },
        "aarch64-linux": {
          "outputs": [
            {
              "name": "out",
              "path": "/nix/store/qna0ylcnq7s8402x9sxnw2xh1cn35b6g-readline-8.3p3",
              "default": true
            },
            {
              "name": "man",
              "path": "/nix/store/dhh31x9i5xsj9cdrvpkzizh3rhrvx91n-readline-8.3p3-man",
              "default": true
            },
            {
              "name": "dev",
              "path": "/nix/store/y2ldxsi6h1xr3m9y30gy7j9slgf7n7lw-readline-8.3p3-dev"
            },
            {
              "name": "doc",
              "path": "/nix/store/b38kznzz0msnf4jqdhdcy4bc29s2kgf5-readline-8.3p3-doc"
            },
            {
              "name": "info",
              "path": "/nix/store/77sz3is1bj7zjllaiv9lc8w1vjqk1023-readline-8.3p3-info"
            }
          ],
          "store_path": "/nix/store/qna0ylcnq7s8402x9sxnw2xh1cn35b6g-readline-8.3p3"
        },
        "x86_64-darwin": {
          "outputs": [
            {
              "name": "out",
              "path": "/nix/store/q34pncd241lmgh1wqnp99v599ccbk34q-readline-8.3p3",
              "default": true
            },
            {
              "name": "man",
              "path": "/nix/store/yv3f0g9parah9qyw9r4h83bdipr1ywz4-readline-8.3p3-man",
              "default": true
            },
            {
              "name": "info",
              "path": "/nix/store/rpnfgkbnrplqn5i1wpadv88yih1ck18p-readline-8.3p3-info"
            },
            {
              "name": "dev",
              "path": "/nix/store/4dnfnq4faj8lxngy05dypy1yxgnr63h5-readline-8.3p3-dev"
            },
            {
              "name": "doc",
              "path": "/nix/store/g1x37q9mps9dq9if6hmad3pn7c1193yp-readline-8.3p3-doc"
            }
          ],
          "store_path": "/nix/store/q34pncd241lmgh1wqnp99v599ccbk34q-readline-8.3p3"
        },
        "x86_64-linux": {
          "outputs": [
            {
              "name": "out",
              "path": "/nix/store/8pqj80100baxyhcl9g03b7ywpj4s5mah-readline-8.3p3",
              "default": true
            },
            {
              "name": "man",
              "path": "/nix/store/iqrvwy4ln2rsh5qxlla9r03z7w9ybfz3-readline-8.3p3-man",
              "default": true
            },
            {
              "name": "dev",
              "path": "/nix/store/nldbqqf8gsg8h0vqjmb9pg75nxf3iwqn-readline-8.3p3-dev"
            },
            {
              "name": "doc",
              "path": "/nix/store/5df4lnvj87z8rchxdmcwxd092xwv54z5-readline-8.3p3-doc"
            },
            {
              "name": "info",
              "path": "/nix/store/rbm6c9f43qvzx7545cby42yy5g6rpifh-readline-8.3p3-info"
            }
          ],
          "store_path": "/nix/store/8pqj80100baxyhcl9g03b7ywpj4s5mah-readline-8.3p3"
        }
      }
    }
  }
}
